
Microsoft Visual Studio Solution File, Format Version 12.00
# Visual Studio Version 17
VisualStudioVersion = 17.6.33815.320
MinimumVisualStudioVersion = 10.0.40219.1
Project("{FAE04EC0-301F-11D3-BF4B-00C04F79EFBC}") = "MatchingGame", "MatchingGame\MatchingGame.csproj", "{F6E9A023-1612-48B9-8ED1-955FECA8424C}"
EndProject
Global
	GlobalSection(SolutionConfigurationPlatforms) = preSolution
		Debug|Any CPU = Debug|Any CPU
		Release|Any CPU = Release|Any CPU
	EndGlobalSection
	GlobalSection(ProjectConfigurationPlatforms) = postSolution
		{F6E9A023-1612-48B9-8ED1-955FECA8424C}.Debug|Any CPU.ActiveCfg = Debug|Any CPU
		{F6E9A023-1612-48B9-8ED1-955FECA8424C}.Debug|Any CPU.Build.0 = Debug|Any CPU
		{F6E9A023-1612-48B9-8ED1-955FECA8424C}.Release|Any CPU.ActiveCfg = Release|Any CPU
		{F6E9A023-1612-48B9-8ED1-955FECA8424C}.Release|Any CPU.Build.0 = Release|Any CPU
	EndGlobalSection
	GlobalSection(SolutionProperties) = preSolution
		HideSolutionNode = FALSE
	EndGlobalSection
	GlobalSection(ExtensibilityGlobals) = postSolution
		SolutionGuid = {3C186EC3-2523-4F87-9AF1-A7C18684E73F}
	EndGlobalSection
EndGlobal
